
Microsoft Visual Studio Solution File, Format Version 12.00
# Visual Studio Version 16
VisualStudioVersion = 16.0.29613.14
MinimumVisualStudioVersion = 10.0.40219.1
Project("{9A19103F-16F7-4668-BE54-9A1E7A4F7556}") = "Erc.Households.Server.Api", "Erc.Households.Server.Api\Erc.Households.Server.Api.csproj", "{380164EE-A6F3-4C96-957C-202076B73CF8}"
EndProject
Project("{9A19103F-16F7-4668-BE54-9A1E7A4F7556}") = "Erc.Households.Server.Domain", "Erc.Households.Server.Domain\Erc.Households.Server.Domain.csproj", "{C9338418-B4B6-4287-9CA4-A587D7B57DC6}"
EndProject
Project("{9A19103F-16F7-4668-BE54-9A1E7A4F7556}") = "Erc.Households.Server.DataAccess.PostgreSql", "Erc.Households.Server.DataAccess.PostgreSql\Erc.Households.Server.DataAccess.PostgreSql.csproj", "{20809DE9-C064-4585-B9CC-B213D3C9C997}"
EndProject
Project("{9A19103F-16F7-4668-BE54-9A1E7A4F7556}") = "Erc.Households.Server.Requests", "Erc.Households.Server.Requests\Erc.Households.Server.Requests.csproj", "{EC44209F-4B5C-4991-AA7B-1C8BFDB7F11A}"
EndProject
Project("{9A19103F-16F7-4668-BE54-9A1E7A4F7556}") = "Erc.Households.Server.Responses", "Erc.Households.Server.Responses\Erc.Households.Server.Responses.csproj", "{F5E5B868-BCF3-496D-93A0-4547830FCA4D}"
EndProject
Project("{9A19103F-16F7-4668-BE54-9A1E7A4F7556}") = "Erc.Households.Server.Core", "Erc.Households.Server.Core\Erc.Households.Server.Core.csproj", "{643227D8-29CB-487D-ADE4-EA4663A1F4F1}"
EndProject
Project("{9A19103F-16F7-4668-BE54-9A1E7A4F7556}") = "Erc.Households.Server.ModelLogs", "Erc.Households.Server.ModelLogs\Erc.Households.Server.ModelLogs.csproj", "{FD420A68-C8A4-4BCA-A7CE-B7E9C40DFB17}"
EndProject
Project("{9A19103F-16F7-4668-BE54-9A1E7A4F7556}") = "Erc.Households.Server.MapperProfiles", "Erc.Households.Server.MapperProfiles\Erc.Households.Server.MapperProfiles.csproj", "{2486F307-0344-436F-853F-7E5DE2BE9611}"
EndProject
Project("{9A19103F-16F7-4668-BE54-9A1E7A4F7556}") = "Erc.Households.Indexing", "Erc.Households.Indexing\Erc.Households.Indexing.csproj", "{0B2CA81D-4CD2-44B5-B114-2C424214223A}"
EndProject
Project("{E53339B2-1760-4266-BCC7-CA923CBCF16C}") = "docker-compose", "docker-compose.dcproj", "{9295181B-49AD-437B-8366-1AE8900716CF}"
EndProject
Global
	GlobalSection(SolutionConfigurationPlatforms) = preSolution
		Debug|Any CPU = Debug|Any CPU
		Release|Any CPU = Release|Any CPU
	EndGlobalSection
	GlobalSection(ProjectConfigurationPlatforms) = postSolution
		{380164EE-A6F3-4C96-957C-202076B73CF8}.Debug|Any CPU.ActiveCfg = Debug|Any CPU
		{380164EE-A6F3-4C96-957C-202076B73CF8}.Debug|Any CPU.Build.0 = Debug|Any CPU
		{380164EE-A6F3-4C96-957C-202076B73CF8}.Release|Any CPU.ActiveCfg = Release|Any CPU
		{380164EE-A6F3-4C96-957C-202076B73CF8}.Release|Any CPU.Build.0 = Release|Any CPU
		{C9338418-B4B6-4287-9CA4-A587D7B57DC6}.Debug|Any CPU.ActiveCfg = Debug|Any CPU
		{C9338418-B4B6-4287-9CA4-A587D7B57DC6}.Debug|Any CPU.Build.0 = Debug|Any CPU
		{C9338418-B4B6-4287-9CA4-A587D7B57DC6}.Release|Any CPU.ActiveCfg = Release|Any CPU
		{C9338418-B4B6-4287-9CA4-A587D7B57DC6}.Release|Any CPU.Build.0 = Release|Any CPU
		{20809DE9-C064-4585-B9CC-B213D3C9C997}.Debug|Any CPU.ActiveCfg = Debug|Any CPU
		{20809DE9-C064-4585-B9CC-B213D3C9C997}.Debug|Any CPU.Build.0 = Debug|Any CPU
		{20809DE9-C064-4585-B9CC-B213D3C9C997}.Release|Any CPU.ActiveCfg = Release|Any CPU
		{20809DE9-C064-4585-B9CC-B213D3C9C997}.Release|Any CPU.Build.0 = Release|Any CPU
		{EC44209F-4B5C-4991-AA7B-1C8BFDB7F11A}.Debug|Any CPU.ActiveCfg = Debug|Any CPU
		{EC44209F-4B5C-4991-AA7B-1C8BFDB7F11A}.Debug|Any CPU.Build.0 = Debug|Any CPU
		{EC44209F-4B5C-4991-AA7B-1C8BFDB7F11A}.Release|Any CPU.ActiveCfg = Release|Any CPU
		{EC44209F-4B5C-4991-AA7B-1C8BFDB7F11A}.Release|Any CPU.Build.0 = Release|Any CPU
		{F5E5B868-BCF3-496D-93A0-4547830FCA4D}.Debug|Any CPU.ActiveCfg = Debug|Any CPU
		{F5E5B868-BCF3-496D-93A0-4547830FCA4D}.Debug|Any CPU.Build.0 = Debug|Any CPU
		{F5E5B868-BCF3-496D-93A0-4547830FCA4D}.Release|Any CPU.ActiveCfg = Release|Any CPU
		{F5E5B868-BCF3-496D-93A0-4547830FCA4D}.Release|Any CPU.Build.0 = Release|Any CPU
		{643227D8-29CB-487D-ADE4-EA4663A1F4F1}.Debug|Any CPU.ActiveCfg = Debug|Any CPU
		{643227D8-29CB-487D-ADE4-EA4663A1F4F1}.Debug|Any CPU.Build.0 = Debug|Any CPU
		{643227D8-29CB-487D-ADE4-EA4663A1F4F1}.Release|Any CPU.ActiveCfg = Release|Any CPU
		{643227D8-29CB-487D-ADE4-EA4663A1F4F1}.Release|Any CPU.Build.0 = Release|Any CPU
		{FD420A68-C8A4-4BCA-A7CE-B7E9C40DFB17}.Debug|Any CPU.ActiveCfg = Debug|Any CPU
		{FD420A68-C8A4-4BCA-A7CE-B7E9C40DFB17}.Debug|Any CPU.Build.0 = Debug|Any CPU
		{FD420A68-C8A4-4BCA-A7CE-B7E9C40DFB17}.Release|Any CPU.ActiveCfg = Release|Any CPU
		{FD420A68-C8A4-4BCA-A7CE-B7E9C40DFB17}.Release|Any CPU.Build.0 = Release|Any CPU
		{2486F307-0344-436F-853F-7E5DE2BE9611}.Debug|Any CPU.ActiveCfg = Debug|Any CPU
		{2486F307-0344-436F-853F-7E5DE2BE9611}.Debug|Any CPU.Build.0 = Debug|Any CPU
		{2486F307-0344-436F-853F-7E5DE2BE9611}.Release|Any CPU.ActiveCfg = Release|Any CPU
		{2486F307-0344-436F-853F-7E5DE2BE9611}.Release|Any CPU.Build.0 = Release|Any CPU
		{0B2CA81D-4CD2-44B5-B114-2C424214223A}.Debug|Any CPU.ActiveCfg = Debug|Any CPU
		{0B2CA81D-4CD2-44B5-B114-2C424214223A}.Debug|Any CPU.Build.0 = Debug|Any CPU
		{0B2CA81D-4CD2-44B5-B114-2C424214223A}.Release|Any CPU.ActiveCfg = Release|Any CPU
		{0B2CA81D-4CD2-44B5-B114-2C424214223A}.Release|Any CPU.Build.0 = Release|Any CPU
		{9295181B-49AD-437B-8366-1AE8900716CF}.Debug|Any CPU.ActiveCfg = Debug|Any CPU
		{9295181B-49AD-437B-8366-1AE8900716CF}.Debug|Any CPU.Build.0 = Debug|Any CPU
		{9295181B-49AD-437B-8366-1AE8900716CF}.Release|Any CPU.ActiveCfg = Release|Any CPU
		{9295181B-49AD-437B-8366-1AE8900716CF}.Release|Any CPU.Build.0 = Release|Any CPU
	EndGlobalSection
	GlobalSection(SolutionProperties) = preSolution
		HideSolutionNode = FALSE
	EndGlobalSection
	GlobalSection(ExtensibilityGlobals) = postSolution
		SolutionGuid = {B51E0631-0D8E-4027-8015-D58B03364BF6}
	EndGlobalSection
EndGlobal
