
Microsoft Visual Studio Solution File, Format Version 12.00
# Visual Studio Version 16
VisualStudioVersion = 16.0.29613.14
MinimumVisualStudioVersion = 10.0.40219.1
Project("{FAE04EC0-301F-11D3-BF4B-00C04F79EFBC}") = "Erc.Households.Backend.Api", "Erc.Households.Backend.Api\Erc.Households.Backend.Api.csproj", "{380164EE-A6F3-4C96-957C-202076B73CF8}"
EndProject
Project("{FAE04EC0-301F-11D3-BF4B-00C04F79EFBC}") = "Erc.Households.Backend.Data", "Erc.Households.Backend.Data\Erc.Households.Backend.Data.csproj", "{C9338418-B4B6-4287-9CA4-A587D7B57DC6}"
EndProject
Project("{FAE04EC0-301F-11D3-BF4B-00C04F79EFBC}") = "Erc.Households.Backend.DataAccess.PostgreSql", "Erc.Households.Backend.DataAccess.PostgreSql\Erc.Households.Backend.DataAccess.PostgreSql.csproj", "{20809DE9-C064-4585-B9CC-B213D3C9C997}"
EndProject
Global
	GlobalSection(SolutionConfigurationPlatforms) = preSolution
		Debug|Any CPU = Debug|Any CPU
		Release|Any CPU = Release|Any CPU
	EndGlobalSection
	GlobalSection(ProjectConfigurationPlatforms) = postSolution
		{380164EE-A6F3-4C96-957C-202076B73CF8}.Debug|Any CPU.ActiveCfg = Debug|Any CPU
		{380164EE-A6F3-4C96-957C-202076B73CF8}.Debug|Any CPU.Build.0 = Debug|Any CPU
		{380164EE-A6F3-4C96-957C-202076B73CF8}.Release|Any CPU.ActiveCfg = Release|Any CPU
		{380164EE-A6F3-4C96-957C-202076B73CF8}.Release|Any CPU.Build.0 = Release|Any CPU
		{C9338418-B4B6-4287-9CA4-A587D7B57DC6}.Debug|Any CPU.ActiveCfg = Debug|Any CPU
		{C9338418-B4B6-4287-9CA4-A587D7B57DC6}.Debug|Any CPU.Build.0 = Debug|Any CPU
		{C9338418-B4B6-4287-9CA4-A587D7B57DC6}.Release|Any CPU.ActiveCfg = Release|Any CPU
		{C9338418-B4B6-4287-9CA4-A587D7B57DC6}.Release|Any CPU.Build.0 = Release|Any CPU
		{20809DE9-C064-4585-B9CC-B213D3C9C997}.Debug|Any CPU.ActiveCfg = Debug|Any CPU
		{20809DE9-C064-4585-B9CC-B213D3C9C997}.Debug|Any CPU.Build.0 = Debug|Any CPU
		{20809DE9-C064-4585-B9CC-B213D3C9C997}.Release|Any CPU.ActiveCfg = Release|Any CPU
		{20809DE9-C064-4585-B9CC-B213D3C9C997}.Release|Any CPU.Build.0 = Release|Any CPU
	EndGlobalSection
	GlobalSection(SolutionProperties) = preSolution
		HideSolutionNode = FALSE
	EndGlobalSection
	GlobalSection(ExtensibilityGlobals) = postSolution
		SolutionGuid = {B51E0631-0D8E-4027-8015-D58B03364BF6}
	EndGlobalSection
EndGlobal
