
Microsoft Visual Studio Solution File, Format Version 12.00
# Visual Studio Version 16
VisualStudioVersion = 16.0.29613.14
MinimumVisualStudioVersion = 10.0.40219.1
Project("{9A19103F-16F7-4668-BE54-9A1E7A4F7556}") = "Erc.Households.Api", "Erc.Households.Api\Erc.Households.Api.csproj", "{380164EE-A6F3-4C96-957C-202076B73CF8}"
EndProject
Project("{9A19103F-16F7-4668-BE54-9A1E7A4F7556}") = "Erc.Households.Domain", "Erc.Households.Server.Domain\Erc.Households.Domain.csproj", "{C9338418-B4B6-4287-9CA4-A587D7B57DC6}"
EndProject
Project("{9A19103F-16F7-4668-BE54-9A1E7A4F7556}") = "Erc.Households.EF.PostgreSQL", "Erc.Households.Server.DataAccess.EF\Erc.Households.EF.PostgreSQL.csproj", "{20809DE9-C064-4585-B9CC-B213D3C9C997}"
EndProject
Project("{9A19103F-16F7-4668-BE54-9A1E7A4F7556}") = "Erc.Households.DataAccess.Core", "Erc.Households.Server.Core\Erc.Households.DataAccess.Core.csproj", "{643227D8-29CB-487D-ADE4-EA4663A1F4F1}"
EndProject
Project("{9A19103F-16F7-4668-BE54-9A1E7A4F7556}") = "Erc.Households.Server.ModelLogs", "Erc.Households.Server.ModelLogs\Erc.Households.Server.ModelLogs.csproj", "{FD420A68-C8A4-4BCA-A7CE-B7E9C40DFB17}"
EndProject
Project("{9A19103F-16F7-4668-BE54-9A1E7A4F7556}") = "Erc.Households.Indexing", "Erc.Households.Indexing\Erc.Households.Indexing.csproj", "{0B2CA81D-4CD2-44B5-B114-2C424214223A}"
EndProject
Project("{2150E333-8FDC-42A3-9474-1A3956D46DE8}") = "BackendServices", "BackendServices", "{31B452B8-042A-4CA7-BCA2-54B67F89DB6E}"
EndProject
Project("{9A19103F-16F7-4668-BE54-9A1E7A4F7556}") = "Erc.Households.DataAccess.EF", "Erc.Households.Server.DataAccess\Erc.Households.DataAccess.EF.csproj", "{8B84B448-6B51-47D5-87A8-262A168E08B5}"
EndProject
Project("{9A19103F-16F7-4668-BE54-9A1E7A4F7556}") = "Erc.Households.Events", "Erc.Households.Server.Events\Erc.Households.Events.csproj", "{2BACAD3C-E570-4C9C-B8E7-77FBAD124F41}"
EndProject
Project("{9A19103F-16F7-4668-BE54-9A1E7A4F7556}") = "Erc.Households.BranchOfficeManagment", "Erc.Households.BranchOfficeManagment\Erc.Households.BranchOfficeManagment.csproj", "{A5765419-531B-42E1-AF2A-0225F3167123}"
EndProject
Project("{9A19103F-16F7-4668-BE54-9A1E7A4F7556}") = "Erc.Households.BranchOfficeManagment.Core", "Erc.Households.BranchOffices.Managment.Core\Erc.Households.BranchOfficeManagment.Core.csproj", "{5E04E8E3-ABDE-4468-B428-B4BD82D415EC}"
EndProject
Project("{9A19103F-16F7-4668-BE54-9A1E7A4F7556}") = "Erc.Households.CommandHandlers", "Erc.Households.CommandHandlers\Erc.Households.CommandHandlers.csproj", "{F70DF444-F044-4F2A-9C28-9EE82F3D6A09}"
EndProject
Project("{9A19103F-16F7-4668-BE54-9A1E7A4F7556}") = "Erc.Households.Commands", "Erc.Households.Commands\Erc.Households.Commands.csproj", "{C1EB947A-6893-442B-BB01-98290C94C5DF}"
EndProject
Project("{9A19103F-16F7-4668-BE54-9A1E7A4F7556}") = "Erc.Households.Notifications", "Erc.Households.Notifications\Erc.Households.Notifications.csproj", "{A61B57E9-FBDB-4A7A-837A-D1E4AD66E373}"
EndProject
Project("{9A19103F-16F7-4668-BE54-9A1E7A4F7556}") = "Erc.Households.NotificationHandlers", "Erc.Households.NotificationHandlers\Erc.Households.NotificationHandlers.csproj", "{96911E98-E7F7-4AB3-A7B3-F15DC525ADA1}"
EndProject
Project("{9A19103F-16F7-4668-BE54-9A1E7A4F7556}") = "Erc.Households.Calculation", "Erc.Households.Calculation\Erc.Households.Calculation.csproj", "{2F9BDE54-359E-4B0F-B696-FA3DADE71207}"
EndProject
Project("{9A19103F-16F7-4668-BE54-9A1E7A4F7556}") = "Erc.Households.DsoBridge", "Erc.Households.DsoBridge\Erc.Households.DsoBridge.csproj", "{23D3BAEC-A3FC-4D8F-AFA4-E73CC706D74B}"
EndProject
Project("{9A19103F-16F7-4668-BE54-9A1E7A4F7556}") = "Erc.Households.CalculateStrategies.Core", "Erc.Households.CalculateStrategies.Core\Erc.Households.CalculateStrategies.Core.csproj", "{0AABED62-E092-45D4-BB67-641ADDE8DDEA}"
EndProject
Project("{9A19103F-16F7-4668-BE54-9A1E7A4F7556}") = "Erc.Households.CalculateStrategies.NaturalGas", "Erc.Households.CalculateStrategies.Gas\Erc.Households.CalculateStrategies.NaturalGas.csproj", "{60DD1C3D-18B2-44A2-AA4C-C7ADBA89513B}"
EndProject
Project("{9A19103F-16F7-4668-BE54-9A1E7A4F7556}") = "Erc.Households.Domain.Shared", "Erc.Households.Tariffs\Erc.Households.Domain.Shared.csproj", "{82224981-D118-4078-9F81-3D6D9CBC0142}"
EndProject
Project("{9A19103F-16F7-4668-BE54-9A1E7A4F7556}") = "Erc.Households.Domain.Extensions", "Erc.Households.Domain.Extensions\Erc.Households.Domain.Extensions.csproj", "{8C5AA73B-E237-42B5-8E9F-253F1E674FBD}"
EndProject
Project("{9A19103F-16F7-4668-BE54-9A1E7A4F7556}") = "Erc.Households.ConsumptionParser.Core", "Erc.Households.ConsumptionParser.Core\Erc.Households.ConsumptionParser.Core.csproj", "{B3455674-A8BD-4DBC-973E-34A4DEF806AA}"
EndProject
Project("{9A19103F-16F7-4668-BE54-9A1E7A4F7556}") = "Erc.Households.ConsumptionParser.Xlsx.NaturalGas", "Erc.Households.UsageParser.Xlsx.NaturalGas\Erc.Households.ConsumptionParser.Xlsx.NaturalGas.csproj", "{D63278EB-5887-4204-A5B9-25199271C7E6}"
EndProject
Project("{FAE04EC0-301F-11D3-BF4B-00C04F79EFBC}") = "Erc.Households.PrintBills.Api", "Erc.Households.PrintBills.Api\Erc.Households.PrintBills.Api.csproj", "{E724382E-6DDE-4A8B-A3BD-D967AF06E9A1}"
EndProject
Global
	GlobalSection(SolutionConfigurationPlatforms) = preSolution
		Debug|Any CPU = Debug|Any CPU
		Release|Any CPU = Release|Any CPU
	EndGlobalSection
	GlobalSection(ProjectConfigurationPlatforms) = postSolution
		{380164EE-A6F3-4C96-957C-202076B73CF8}.Debug|Any CPU.ActiveCfg = Debug|Any CPU
		{380164EE-A6F3-4C96-957C-202076B73CF8}.Debug|Any CPU.Build.0 = Debug|Any CPU
		{380164EE-A6F3-4C96-957C-202076B73CF8}.Release|Any CPU.ActiveCfg = Release|Any CPU
		{380164EE-A6F3-4C96-957C-202076B73CF8}.Release|Any CPU.Build.0 = Release|Any CPU
		{C9338418-B4B6-4287-9CA4-A587D7B57DC6}.Debug|Any CPU.ActiveCfg = Debug|Any CPU
		{C9338418-B4B6-4287-9CA4-A587D7B57DC6}.Debug|Any CPU.Build.0 = Debug|Any CPU
		{C9338418-B4B6-4287-9CA4-A587D7B57DC6}.Release|Any CPU.ActiveCfg = Release|Any CPU
		{C9338418-B4B6-4287-9CA4-A587D7B57DC6}.Release|Any CPU.Build.0 = Release|Any CPU
		{20809DE9-C064-4585-B9CC-B213D3C9C997}.Debug|Any CPU.ActiveCfg = Debug|Any CPU
		{20809DE9-C064-4585-B9CC-B213D3C9C997}.Debug|Any CPU.Build.0 = Debug|Any CPU
		{20809DE9-C064-4585-B9CC-B213D3C9C997}.Release|Any CPU.ActiveCfg = Release|Any CPU
		{20809DE9-C064-4585-B9CC-B213D3C9C997}.Release|Any CPU.Build.0 = Release|Any CPU
		{643227D8-29CB-487D-ADE4-EA4663A1F4F1}.Debug|Any CPU.ActiveCfg = Debug|Any CPU
		{643227D8-29CB-487D-ADE4-EA4663A1F4F1}.Debug|Any CPU.Build.0 = Debug|Any CPU
		{643227D8-29CB-487D-ADE4-EA4663A1F4F1}.Release|Any CPU.ActiveCfg = Release|Any CPU
		{643227D8-29CB-487D-ADE4-EA4663A1F4F1}.Release|Any CPU.Build.0 = Release|Any CPU
		{FD420A68-C8A4-4BCA-A7CE-B7E9C40DFB17}.Debug|Any CPU.ActiveCfg = Debug|Any CPU
		{FD420A68-C8A4-4BCA-A7CE-B7E9C40DFB17}.Debug|Any CPU.Build.0 = Debug|Any CPU
		{FD420A68-C8A4-4BCA-A7CE-B7E9C40DFB17}.Release|Any CPU.ActiveCfg = Release|Any CPU
		{FD420A68-C8A4-4BCA-A7CE-B7E9C40DFB17}.Release|Any CPU.Build.0 = Release|Any CPU
		{0B2CA81D-4CD2-44B5-B114-2C424214223A}.Debug|Any CPU.ActiveCfg = Debug|Any CPU
		{0B2CA81D-4CD2-44B5-B114-2C424214223A}.Debug|Any CPU.Build.0 = Debug|Any CPU
		{0B2CA81D-4CD2-44B5-B114-2C424214223A}.Release|Any CPU.ActiveCfg = Release|Any CPU
		{0B2CA81D-4CD2-44B5-B114-2C424214223A}.Release|Any CPU.Build.0 = Release|Any CPU
		{8B84B448-6B51-47D5-87A8-262A168E08B5}.Debug|Any CPU.ActiveCfg = Debug|Any CPU
		{8B84B448-6B51-47D5-87A8-262A168E08B5}.Debug|Any CPU.Build.0 = Debug|Any CPU
		{8B84B448-6B51-47D5-87A8-262A168E08B5}.Release|Any CPU.ActiveCfg = Release|Any CPU
		{8B84B448-6B51-47D5-87A8-262A168E08B5}.Release|Any CPU.Build.0 = Release|Any CPU
		{2BACAD3C-E570-4C9C-B8E7-77FBAD124F41}.Debug|Any CPU.ActiveCfg = Debug|Any CPU
		{2BACAD3C-E570-4C9C-B8E7-77FBAD124F41}.Debug|Any CPU.Build.0 = Debug|Any CPU
		{2BACAD3C-E570-4C9C-B8E7-77FBAD124F41}.Release|Any CPU.ActiveCfg = Release|Any CPU
		{2BACAD3C-E570-4C9C-B8E7-77FBAD124F41}.Release|Any CPU.Build.0 = Release|Any CPU
		{A5765419-531B-42E1-AF2A-0225F3167123}.Debug|Any CPU.ActiveCfg = Debug|Any CPU
		{A5765419-531B-42E1-AF2A-0225F3167123}.Debug|Any CPU.Build.0 = Debug|Any CPU
		{A5765419-531B-42E1-AF2A-0225F3167123}.Release|Any CPU.ActiveCfg = Release|Any CPU
		{A5765419-531B-42E1-AF2A-0225F3167123}.Release|Any CPU.Build.0 = Release|Any CPU
		{5E04E8E3-ABDE-4468-B428-B4BD82D415EC}.Debug|Any CPU.ActiveCfg = Debug|Any CPU
		{5E04E8E3-ABDE-4468-B428-B4BD82D415EC}.Debug|Any CPU.Build.0 = Debug|Any CPU
		{5E04E8E3-ABDE-4468-B428-B4BD82D415EC}.Release|Any CPU.ActiveCfg = Release|Any CPU
		{5E04E8E3-ABDE-4468-B428-B4BD82D415EC}.Release|Any CPU.Build.0 = Release|Any CPU
		{F70DF444-F044-4F2A-9C28-9EE82F3D6A09}.Debug|Any CPU.ActiveCfg = Debug|Any CPU
		{F70DF444-F044-4F2A-9C28-9EE82F3D6A09}.Debug|Any CPU.Build.0 = Debug|Any CPU
		{F70DF444-F044-4F2A-9C28-9EE82F3D6A09}.Release|Any CPU.ActiveCfg = Release|Any CPU
		{F70DF444-F044-4F2A-9C28-9EE82F3D6A09}.Release|Any CPU.Build.0 = Release|Any CPU
		{C1EB947A-6893-442B-BB01-98290C94C5DF}.Debug|Any CPU.ActiveCfg = Debug|Any CPU
		{C1EB947A-6893-442B-BB01-98290C94C5DF}.Debug|Any CPU.Build.0 = Debug|Any CPU
		{C1EB947A-6893-442B-BB01-98290C94C5DF}.Release|Any CPU.ActiveCfg = Release|Any CPU
		{C1EB947A-6893-442B-BB01-98290C94C5DF}.Release|Any CPU.Build.0 = Release|Any CPU
		{A61B57E9-FBDB-4A7A-837A-D1E4AD66E373}.Debug|Any CPU.ActiveCfg = Debug|Any CPU
		{A61B57E9-FBDB-4A7A-837A-D1E4AD66E373}.Debug|Any CPU.Build.0 = Debug|Any CPU
		{A61B57E9-FBDB-4A7A-837A-D1E4AD66E373}.Release|Any CPU.ActiveCfg = Release|Any CPU
		{A61B57E9-FBDB-4A7A-837A-D1E4AD66E373}.Release|Any CPU.Build.0 = Release|Any CPU
		{96911E98-E7F7-4AB3-A7B3-F15DC525ADA1}.Debug|Any CPU.ActiveCfg = Debug|Any CPU
		{96911E98-E7F7-4AB3-A7B3-F15DC525ADA1}.Debug|Any CPU.Build.0 = Debug|Any CPU
		{96911E98-E7F7-4AB3-A7B3-F15DC525ADA1}.Release|Any CPU.ActiveCfg = Release|Any CPU
		{96911E98-E7F7-4AB3-A7B3-F15DC525ADA1}.Release|Any CPU.Build.0 = Release|Any CPU
		{2F9BDE54-359E-4B0F-B696-FA3DADE71207}.Debug|Any CPU.ActiveCfg = Debug|Any CPU
		{2F9BDE54-359E-4B0F-B696-FA3DADE71207}.Debug|Any CPU.Build.0 = Debug|Any CPU
		{2F9BDE54-359E-4B0F-B696-FA3DADE71207}.Release|Any CPU.ActiveCfg = Release|Any CPU
		{2F9BDE54-359E-4B0F-B696-FA3DADE71207}.Release|Any CPU.Build.0 = Release|Any CPU
		{23D3BAEC-A3FC-4D8F-AFA4-E73CC706D74B}.Debug|Any CPU.ActiveCfg = Debug|Any CPU
		{23D3BAEC-A3FC-4D8F-AFA4-E73CC706D74B}.Debug|Any CPU.Build.0 = Debug|Any CPU
		{23D3BAEC-A3FC-4D8F-AFA4-E73CC706D74B}.Release|Any CPU.ActiveCfg = Release|Any CPU
		{23D3BAEC-A3FC-4D8F-AFA4-E73CC706D74B}.Release|Any CPU.Build.0 = Release|Any CPU
		{0AABED62-E092-45D4-BB67-641ADDE8DDEA}.Debug|Any CPU.ActiveCfg = Debug|Any CPU
		{0AABED62-E092-45D4-BB67-641ADDE8DDEA}.Debug|Any CPU.Build.0 = Debug|Any CPU
		{0AABED62-E092-45D4-BB67-641ADDE8DDEA}.Release|Any CPU.ActiveCfg = Release|Any CPU
		{0AABED62-E092-45D4-BB67-641ADDE8DDEA}.Release|Any CPU.Build.0 = Release|Any CPU
		{60DD1C3D-18B2-44A2-AA4C-C7ADBA89513B}.Debug|Any CPU.ActiveCfg = Debug|Any CPU
		{60DD1C3D-18B2-44A2-AA4C-C7ADBA89513B}.Debug|Any CPU.Build.0 = Debug|Any CPU
		{60DD1C3D-18B2-44A2-AA4C-C7ADBA89513B}.Release|Any CPU.ActiveCfg = Release|Any CPU
		{60DD1C3D-18B2-44A2-AA4C-C7ADBA89513B}.Release|Any CPU.Build.0 = Release|Any CPU
		{82224981-D118-4078-9F81-3D6D9CBC0142}.Debug|Any CPU.ActiveCfg = Debug|Any CPU
		{82224981-D118-4078-9F81-3D6D9CBC0142}.Debug|Any CPU.Build.0 = Debug|Any CPU
		{82224981-D118-4078-9F81-3D6D9CBC0142}.Release|Any CPU.ActiveCfg = Release|Any CPU
		{82224981-D118-4078-9F81-3D6D9CBC0142}.Release|Any CPU.Build.0 = Release|Any CPU
		{8C5AA73B-E237-42B5-8E9F-253F1E674FBD}.Debug|Any CPU.ActiveCfg = Debug|Any CPU
		{8C5AA73B-E237-42B5-8E9F-253F1E674FBD}.Debug|Any CPU.Build.0 = Debug|Any CPU
		{8C5AA73B-E237-42B5-8E9F-253F1E674FBD}.Release|Any CPU.ActiveCfg = Release|Any CPU
		{8C5AA73B-E237-42B5-8E9F-253F1E674FBD}.Release|Any CPU.Build.0 = Release|Any CPU
		{B3455674-A8BD-4DBC-973E-34A4DEF806AA}.Debug|Any CPU.ActiveCfg = Debug|Any CPU
		{B3455674-A8BD-4DBC-973E-34A4DEF806AA}.Debug|Any CPU.Build.0 = Debug|Any CPU
		{B3455674-A8BD-4DBC-973E-34A4DEF806AA}.Release|Any CPU.ActiveCfg = Release|Any CPU
		{B3455674-A8BD-4DBC-973E-34A4DEF806AA}.Release|Any CPU.Build.0 = Release|Any CPU
		{D63278EB-5887-4204-A5B9-25199271C7E6}.Debug|Any CPU.ActiveCfg = Debug|Any CPU
		{D63278EB-5887-4204-A5B9-25199271C7E6}.Debug|Any CPU.Build.0 = Debug|Any CPU
		{D63278EB-5887-4204-A5B9-25199271C7E6}.Release|Any CPU.ActiveCfg = Release|Any CPU
		{D63278EB-5887-4204-A5B9-25199271C7E6}.Release|Any CPU.Build.0 = Release|Any CPU
		{E724382E-6DDE-4A8B-A3BD-D967AF06E9A1}.Debug|Any CPU.ActiveCfg = Debug|Any CPU
		{E724382E-6DDE-4A8B-A3BD-D967AF06E9A1}.Debug|Any CPU.Build.0 = Debug|Any CPU
		{E724382E-6DDE-4A8B-A3BD-D967AF06E9A1}.Release|Any CPU.ActiveCfg = Release|Any CPU
		{E724382E-6DDE-4A8B-A3BD-D967AF06E9A1}.Release|Any CPU.Build.0 = Release|Any CPU
	EndGlobalSection
	GlobalSection(SolutionProperties) = preSolution
		HideSolutionNode = FALSE
	EndGlobalSection
	GlobalSection(NestedProjects) = preSolution
		{0B2CA81D-4CD2-44B5-B114-2C424214223A} = {31B452B8-042A-4CA7-BCA2-54B67F89DB6E}
		{2F9BDE54-359E-4B0F-B696-FA3DADE71207} = {31B452B8-042A-4CA7-BCA2-54B67F89DB6E}
		{23D3BAEC-A3FC-4D8F-AFA4-E73CC706D74B} = {31B452B8-042A-4CA7-BCA2-54B67F89DB6E}
	EndGlobalSection
	GlobalSection(ExtensibilityGlobals) = postSolution
		SolutionGuid = {B51E0631-0D8E-4027-8015-D58B03364BF6}
	EndGlobalSection
EndGlobal
